// !$*UTF8*$!
{
	archiveVersion = 1;
	classes = {
	};
	objectVersion = 46;
	objects = {

/* Begin PBXBuildFile section */
		086278D61F0491690055F6D0 /* ItemDetailsVC.swift in Sources */ = {isa = PBXBuildFile; fileRef = 086278D51F0491690055F6D0 /* ItemDetailsVC.swift */; };
		086278D81F0499A20055F6D0 /* CustomTextField.swift in Sources */ = {isa = PBXBuildFile; fileRef = 086278D71F0499A20055F6D0 /* CustomTextField.swift */; };
		086F563D1EF59C2E0059635C /* AppDelegate.swift in Sources */ = {isa = PBXBuildFile; fileRef = 086F563C1EF59C2E0059635C /* AppDelegate.swift */; };
		086F563F1EF59C2E0059635C /* MainVC.swift in Sources */ = {isa = PBXBuildFile; fileRef = 086F563E1EF59C2E0059635C /* MainVC.swift */; };
		086F56421EF59C2E0059635C /* Main.storyboard in Resources */ = {isa = PBXBuildFile; fileRef = 086F56401EF59C2E0059635C /* Main.storyboard */; };
		086F56451EF59C2E0059635C /* Dream_Lister.xcdatamodeld in Sources */ = {isa = PBXBuildFile; fileRef = 086F56431EF59C2E0059635C /* Dream_Lister.xcdatamodeld */; };
		086F56471EF59C2E0059635C /* Assets.xcassets in Resources */ = {isa = PBXBuildFile; fileRef = 086F56461EF59C2E0059635C /* Assets.xcassets */; };
		086F564A1EF59C2E0059635C /* LaunchScreen.storyboard in Resources */ = {isa = PBXBuildFile; fileRef = 086F56481EF59C2E0059635C /* LaunchScreen.storyboard */; };
		086F566E1EF5A0B30059635C /* Store+CoreDataClass.swift in Sources */ = {isa = PBXBuildFile; fileRef = 086F56661EF5A0B30059635C /* Store+CoreDataClass.swift */; };
		086F566F1EF5A0B30059635C /* Store+CoreDataProperties.swift in Sources */ = {isa = PBXBuildFile; fileRef = 086F56671EF5A0B30059635C /* Store+CoreDataProperties.swift */; };
		086F56701EF5A0B30059635C /* Image+CoreDataClass.swift in Sources */ = {isa = PBXBuildFile; fileRef = 086F56681EF5A0B30059635C /* Image+CoreDataClass.swift */; };
		086F56711EF5A0B30059635C /* Image+CoreDataProperties.swift in Sources */ = {isa = PBXBuildFile; fileRef = 086F56691EF5A0B30059635C /* Image+CoreDataProperties.swift */; };
		086F56721EF5A0B30059635C /* ItemType+CoreDataClass.swift in Sources */ = {isa = PBXBuildFile; fileRef = 086F566A1EF5A0B30059635C /* ItemType+CoreDataClass.swift */; };
		086F56731EF5A0B30059635C /* ItemType+CoreDataProperties.swift in Sources */ = {isa = PBXBuildFile; fileRef = 086F566B1EF5A0B30059635C /* ItemType+CoreDataProperties.swift */; };
		086F56741EF5A0B30059635C /* Item+CoreDataClass.swift in Sources */ = {isa = PBXBuildFile; fileRef = 086F566C1EF5A0B30059635C /* Item+CoreDataClass.swift */; };
		086F56751EF5A0B30059635C /* Item+CoreDataProperties.swift in Sources */ = {isa = PBXBuildFile; fileRef = 086F566D1EF5A0B30059635C /* Item+CoreDataProperties.swift */; };
		086F567B1EF605E20059635C /* MaterialView.swift in Sources */ = {isa = PBXBuildFile; fileRef = 086F567A1EF605E20059635C /* MaterialView.swift */; };
		086F567D1EF6DE790059635C /* RoundedCornersView.swift in Sources */ = {isa = PBXBuildFile; fileRef = 086F567C1EF6DE790059635C /* RoundedCornersView.swift */; };
		086F567F1EF6DF450059635C /* DreamListerTableViewCell.swift in Sources */ = {isa = PBXBuildFile; fileRef = 086F567E1EF6DF450059635C /* DreamListerTableViewCell.swift */; };
		08CD3D781F0860F30092E6E7 /* UIViewController+DreamLister.swift in Sources */ = {isa = PBXBuildFile; fileRef = 08CD3D771F0860F30092E6E7 /* UIViewController+DreamLister.swift */; };
/* End PBXBuildFile section */

/* Begin PBXFileReference section */
		086278D51F0491690055F6D0 /* ItemDetailsVC.swift */ = {isa = PBXFileReference; fileEncoding = 4; lastKnownFileType = sourcecode.swift; path = ItemDetailsVC.swift; sourceTree = "<group>"; };
		086278D71F0499A20055F6D0 /* CustomTextField.swift */ = {isa = PBXFileReference; fileEncoding = 4; lastKnownFileType = sourcecode.swift; path = CustomTextField.swift; sourceTree = "<group>"; };
		086F56391EF59C2E0059635C /* Dream Lister.app */ = {isa = PBXFileReference; explicitFileType = wrapper.application; includeInIndex = 0; path = "Dream Lister.app"; sourceTree = BUILT_PRODUCTS_DIR; };
		086F563C1EF59C2E0059635C /* AppDelegate.swift */ = {isa = PBXFileReference; lastKnownFileType = sourcecode.swift; path = AppDelegate.swift; sourceTree = "<group>"; };
		086F563E1EF59C2E0059635C /* MainVC.swift */ = {isa = PBXFileReference; lastKnownFileType = sourcecode.swift; path = MainVC.swift; sourceTree = "<group>"; };
		086F56411EF59C2E0059635C /* Base */ = {isa = PBXFileReference; lastKnownFileType = file.storyboard; name = Base; path = Base.lproj/Main.storyboard; sourceTree = "<group>"; };
		086F56441EF59C2E0059635C /* Dream_Lister.xcdatamodel */ = {isa = PBXFileReference; lastKnownFileType = wrapper.xcdatamodel; path = Dream_Lister.xcdatamodel; sourceTree = "<group>"; };
		086F56461EF59C2E0059635C /* Assets.xcassets */ = {isa = PBXFileReference; lastKnownFileType = folder.assetcatalog; path = Assets.xcassets; sourceTree = "<group>"; };
		086F56491EF59C2E0059635C /* Base */ = {isa = PBXFileReference; lastKnownFileType = file.storyboard; name = Base; path = Base.lproj/LaunchScreen.storyboard; sourceTree = "<group>"; };
		086F564B1EF59C2E0059635C /* Info.plist */ = {isa = PBXFileReference; lastKnownFileType = text.plist.xml; path = Info.plist; sourceTree = "<group>"; };
		086F56651EF5A0960059635C /* 1.xcdatamodel */ = {isa = PBXFileReference; lastKnownFileType = wrapper.xcdatamodel; path = 1.xcdatamodel; sourceTree = "<group>"; };
		086F56661EF5A0B30059635C /* Store+CoreDataClass.swift */ = {isa = PBXFileReference; fileEncoding = 4; lastKnownFileType = sourcecode.swift; path = "Store+CoreDataClass.swift"; sourceTree = "<group>"; };
		086F56671EF5A0B30059635C /* Store+CoreDataProperties.swift */ = {isa = PBXFileReference; fileEncoding = 4; lastKnownFileType = sourcecode.swift; path = "Store+CoreDataProperties.swift"; sourceTree = "<group>"; };
		086F56681EF5A0B30059635C /* Image+CoreDataClass.swift */ = {isa = PBXFileReference; fileEncoding = 4; lastKnownFileType = sourcecode.swift; path = "Image+CoreDataClass.swift"; sourceTree = "<group>"; };
		086F56691EF5A0B30059635C /* Image+CoreDataProperties.swift */ = {isa = PBXFileReference; fileEncoding = 4; lastKnownFileType = sourcecode.swift; path = "Image+CoreDataProperties.swift"; sourceTree = "<group>"; };
		086F566A1EF5A0B30059635C /* ItemType+CoreDataClass.swift */ = {isa = PBXFileReference; fileEncoding = 4; lastKnownFileType = sourcecode.swift; path = "ItemType+CoreDataClass.swift"; sourceTree = "<group>"; };
		086F566B1EF5A0B30059635C /* ItemType+CoreDataProperties.swift */ = {isa = PBXFileReference; fileEncoding = 4; lastKnownFileType = sourcecode.swift; path = "ItemType+CoreDataProperties.swift"; sourceTree = "<group>"; };
		086F566C1EF5A0B30059635C /* Item+CoreDataClass.swift */ = {isa = PBXFileReference; fileEncoding = 4; lastKnownFileType = sourcecode.swift; path = "Item+CoreDataClass.swift"; sourceTree = "<group>"; };
		086F566D1EF5A0B30059635C /* Item+CoreDataProperties.swift */ = {isa = PBXFileReference; fileEncoding = 4; lastKnownFileType = sourcecode.swift; path = "Item+CoreDataProperties.swift"; sourceTree = "<group>"; };
		086F567A1EF605E20059635C /* MaterialView.swift */ = {isa = PBXFileReference; fileEncoding = 4; lastKnownFileType = sourcecode.swift; path = MaterialView.swift; sourceTree = "<group>"; };
		086F567C1EF6DE790059635C /* RoundedCornersView.swift */ = {isa = PBXFileReference; fileEncoding = 4; lastKnownFileType = sourcecode.swift; path = RoundedCornersView.swift; sourceTree = "<group>"; };
		086F567E1EF6DF450059635C /* DreamListerTableViewCell.swift */ = {isa = PBXFileReference; fileEncoding = 4; lastKnownFileType = sourcecode.swift; path = DreamListerTableViewCell.swift; sourceTree = "<group>"; };
		08CD3D771F0860F30092E6E7 /* UIViewController+DreamLister.swift */ = {isa = PBXFileReference; fileEncoding = 4; lastKnownFileType = sourcecode.swift; path = "UIViewController+DreamLister.swift"; sourceTree = "<group>"; };
/* End PBXFileReference section */

/* Begin PBXFrameworksBuildPhase section */
		086F56361EF59C2E0059635C /* Frameworks */ = {
			isa = PBXFrameworksBuildPhase;
			buildActionMask = 2147483647;
			files = (
			);
			runOnlyForDeploymentPostprocessing = 0;
		};
/* End PBXFrameworksBuildPhase section */

/* Begin PBXGroup section */
		086F56301EF59C2E0059635C = {
			isa = PBXGroup;
			children = (
				086F563B1EF59C2E0059635C /* Dream Lister */,
				086F563A1EF59C2E0059635C /* Products */,
			);
			sourceTree = "<group>";
		};
		086F563A1EF59C2E0059635C /* Products */ = {
			isa = PBXGroup;
			children = (
				086F56391EF59C2E0059635C /* Dream Lister.app */,
			);
			name = Products;
			sourceTree = "<group>";
		};
		086F563B1EF59C2E0059635C /* Dream Lister */ = {
			isa = PBXGroup;
			children = (
				086F56641EF5A0290059635C /* Generated */,
				086F56631EF59F610059635C /* Model */,
				086F56621EF59F5C0059635C /* View */,
				086F56611EF59F520059635C /* Controller */,
				086F563C1EF59C2E0059635C /* AppDelegate.swift */,
				086F56401EF59C2E0059635C /* Main.storyboard */,
				086F56461EF59C2E0059635C /* Assets.xcassets */,
				086F56481EF59C2E0059635C /* LaunchScreen.storyboard */,
				086F564B1EF59C2E0059635C /* Info.plist */,
				086F56431EF59C2E0059635C /* Dream_Lister.xcdatamodeld */,
			);
			path = "Dream Lister";
			sourceTree = "<group>";
		};
		086F56611EF59F520059635C /* Controller */ = {
			isa = PBXGroup;
			children = (
				086F563E1EF59C2E0059635C /* MainVC.swift */,
				086278D51F0491690055F6D0 /* ItemDetailsVC.swift */,
				08CD3D771F0860F30092E6E7 /* UIViewController+DreamLister.swift */,
			);
			name = Controller;
			sourceTree = "<group>";
		};
		086F56621EF59F5C0059635C /* View */ = {
			isa = PBXGroup;
			children = (
				086278D71F0499A20055F6D0 /* CustomTextField.swift */,
				086F567A1EF605E20059635C /* MaterialView.swift */,
				086F567C1EF6DE790059635C /* RoundedCornersView.swift */,
				086F567E1EF6DF450059635C /* DreamListerTableViewCell.swift */,
			);
			name = View;
			sourceTree = "<group>";
		};
		086F56631EF59F610059635C /* Model */ = {
			isa = PBXGroup;
			children = (
				086F56661EF5A0B30059635C /* Store+CoreDataClass.swift */,
				086F56681EF5A0B30059635C /* Image+CoreDataClass.swift */,
				086F566A1EF5A0B30059635C /* ItemType+CoreDataClass.swift */,
				086F566C1EF5A0B30059635C /* Item+CoreDataClass.swift */,
			);
			name = Model;
			sourceTree = "<group>";
		};
		086F56641EF5A0290059635C /* Generated */ = {
			isa = PBXGroup;
			children = (
				086F56671EF5A0B30059635C /* Store+CoreDataProperties.swift */,
				086F56691EF5A0B30059635C /* Image+CoreDataProperties.swift */,
				086F566B1EF5A0B30059635C /* ItemType+CoreDataProperties.swift */,
				086F566D1EF5A0B30059635C /* Item+CoreDataProperties.swift */,
			);
			name = Generated;
			sourceTree = "<group>";
		};
/* End PBXGroup section */

/* Begin PBXNativeTarget section */
		086F56381EF59C2E0059635C /* Dream Lister */ = {
			isa = PBXNativeTarget;
			buildConfigurationList = 086F564E1EF59C2E0059635C /* Build configuration list for PBXNativeTarget "Dream Lister" */;
			buildPhases = (
				086F56351EF59C2E0059635C /* Sources */,
				086F56361EF59C2E0059635C /* Frameworks */,
				086F56371EF59C2E0059635C /* Resources */,
			);
			buildRules = (
			);
			dependencies = (
			);
			name = "Dream Lister";
			productName = "Dream Lister";
			productReference = 086F56391EF59C2E0059635C /* Dream Lister.app */;
			productType = "com.apple.product-type.application";
		};
/* End PBXNativeTarget section */

/* Begin PBXProject section */
		086F56311EF59C2E0059635C /* Project object */ = {
			isa = PBXProject;
			attributes = {
				LastSwiftUpdateCheck = 0830;
				LastUpgradeCheck = 0830;
				ORGANIZATIONNAME = "Aaditya Narvekar";
				TargetAttributes = {
					086F56381EF59C2E0059635C = {
						CreatedOnToolsVersion = 8.3.3;
						DevelopmentTeam = 6FM74WUGD9;
						ProvisioningStyle = Automatic;
					};
				};
			};
			buildConfigurationList = 086F56341EF59C2E0059635C /* Build configuration list for PBXProject "Dream Lister" */;
			compatibilityVersion = "Xcode 3.2";
			developmentRegion = English;
			hasScannedForEncodings = 0;
			knownRegions = (
				en,
				Base,
			);
			mainGroup = 086F56301EF59C2E0059635C;
			productRefGroup = 086F563A1EF59C2E0059635C /* Products */;
			projectDirPath = "";
			projectRoot = "";
			targets = (
				086F56381EF59C2E0059635C /* Dream Lister */,
			);
		};
/* End PBXProject section */

/* Begin PBXResourcesBuildPhase section */
		086F56371EF59C2E0059635C /* Resources */ = {
			isa = PBXResourcesBuildPhase;
			buildActionMask = 2147483647;
			files = (
				086F564A1EF59C2E0059635C /* LaunchScreen.storyboard in Resources */,
				086F56471EF59C2E0059635C /* Assets.xcassets in Resources */,
				086F56421EF59C2E0059635C /* Main.storyboard in Resources */,
			);
			runOnlyForDeploymentPostprocessing = 0;
		};
/* End PBXResourcesBuildPhase section */

/* Begin PBXSourcesBuildPhase section */
		086F56351EF59C2E0059635C /* Sources */ = {
			isa = PBXSourcesBuildPhase;
			buildActionMask = 2147483647;
			files = (
				086F56741EF5A0B30059635C /* Item+CoreDataClass.swift in Sources */,
				086F566F1EF5A0B30059635C /* Store+CoreDataProperties.swift in Sources */,
				086F563F1EF59C2E0059635C /* MainVC.swift in Sources */,
				086F56731EF5A0B30059635C /* ItemType+CoreDataProperties.swift in Sources */,
				086278D81F0499A20055F6D0 /* CustomTextField.swift in Sources */,
				086F567B1EF605E20059635C /* MaterialView.swift in Sources */,
				086F566E1EF5A0B30059635C /* Store+CoreDataClass.swift in Sources */,
				086F567F1EF6DF450059635C /* DreamListerTableViewCell.swift in Sources */,
				086F56701EF5A0B30059635C /* Image+CoreDataClass.swift in Sources */,
				086F56721EF5A0B30059635C /* ItemType+CoreDataClass.swift in Sources */,
				086278D61F0491690055F6D0 /* ItemDetailsVC.swift in Sources */,
				086F563D1EF59C2E0059635C /* AppDelegate.swift in Sources */,
				086F56451EF59C2E0059635C /* Dream_Lister.xcdatamodeld in Sources */,
				08CD3D781F0860F30092E6E7 /* UIViewController+DreamLister.swift in Sources */,
				086F567D1EF6DE790059635C /* RoundedCornersView.swift in Sources */,
				086F56751EF5A0B30059635C /* Item+CoreDataProperties.swift in Sources */,
				086F56711EF5A0B30059635C /* Image+CoreDataProperties.swift in Sources */,
			);
			runOnlyForDeploymentPostprocessing = 0;
		};
/* End PBXSourcesBuildPhase section */

/* Begin PBXVariantGroup section */
		086F56401EF59C2E0059635C /* Main.storyboard */ = {
			isa = PBXVariantGroup;
			children = (
				086F56411EF59C2E0059635C /* Base */,
			);
			name = Main.storyboard;
			sourceTree = "<group>";
		};
		086F56481EF59C2E0059635C /* LaunchScreen.storyboard */ = {
			isa = PBXVariantGroup;
			children = (
				086F56491EF59C2E0059635C /* Base */,
			);
			name = LaunchScreen.storyboard;
			sourceTree = "<group>";
		};
/* End PBXVariantGroup section */

/* Begin XCBuildConfiguration section */
		086F564C1EF59C2E0059635C /* Debug */ = {
			isa = XCBuildConfiguration;
			buildSettings = {
				ALWAYS_SEARCH_USER_PATHS = NO;
				CLANG_ANALYZER_NONNULL = YES;
				CLANG_ANALYZER_NUMBER_OBJECT_CONVERSION = YES_AGGRESSIVE;
				CLANG_CXX_LANGUAGE_STANDARD = "gnu++0x";
				CLANG_CXX_LIBRARY = "libc++";
				CLANG_ENABLE_MODULES = YES;
				CLANG_ENABLE_OBJC_ARC = YES;
				CLANG_WARN_BOOL_CONVERSION = YES;
				CLANG_WARN_CONSTANT_CONVERSION = YES;
				CLANG_WARN_DIRECT_OBJC_ISA_USAGE = YES_ERROR;
				CLANG_WARN_DOCUMENTATION_COMMENTS = YES;
				CLANG_WARN_EMPTY_BODY = YES;
				CLANG_WARN_ENUM_CONVERSION = YES;
				CLANG_WARN_INFINITE_RECURSION = YES;
				CLANG_WARN_INT_CONVERSION = YES;
				CLANG_WARN_OBJC_ROOT_CLASS = YES_ERROR;
				CLANG_WARN_SUSPICIOUS_MOVE = YES;
				CLANG_WARN_UNREACHABLE_CODE = YES;
				CLANG_WARN__DUPLICATE_METHOD_MATCH = YES;
				"CODE_SIGN_IDENTITY[sdk=iphoneos*]" = "iPhone Developer";
				COPY_PHASE_STRIP = NO;
				DEBUG_INFORMATION_FORMAT = dwarf;
				ENABLE_STRICT_OBJC_MSGSEND = YES;
				ENABLE_TESTABILITY = YES;
				GCC_C_LANGUAGE_STANDARD = gnu99;
				GCC_DYNAMIC_NO_PIC = NO;
				GCC_NO_COMMON_BLOCKS = YES;
				GCC_OPTIMIZATION_LEVEL = 0;
				GCC_PREPROCESSOR_DEFINITIONS = (
					"DEBUG=1",
					"$(inherited)",
				);
				GCC_WARN_64_TO_32_BIT_CONVERSION = YES;
				GCC_WARN_ABOUT_RETURN_TYPE = YES_ERROR;
				GCC_WARN_UNDECLARED_SELECTOR = YES;
				GCC_WARN_UNINITIALIZED_AUTOS = YES_AGGRESSIVE;
				GCC_WARN_UNUSED_FUNCTION = YES;
				GCC_WARN_UNUSED_VARIABLE = YES;
				IPHONEOS_DEPLOYMENT_TARGET = 10.3;
				MTL_ENABLE_DEBUG_INFO = YES;
				ONLY_ACTIVE_ARCH = YES;
				SDKROOT = iphoneos;
				SWIFT_ACTIVE_COMPILATION_CONDITIONS = DEBUG;
				SWIFT_OPTIMIZATION_LEVEL = "-Onone";
				TARGETED_DEVICE_FAMILY = "1,2";
			};
			name = Debug;
		};
		086F564D1EF59C2E0059635C /* Release */ = {
			isa = XCBuildConfiguration;
			buildSettings = {
				ALWAYS_SEARCH_USER_PATHS = NO;
				CLANG_ANALYZER_NONNULL = YES;
				CLANG_ANALYZER_NUMBER_OBJECT_CONVERSION = YES_AGGRESSIVE;
				CLANG_CXX_LANGUAGE_STANDARD = "gnu++0x";
				CLANG_CXX_LIBRARY = "libc++";
				CLANG_ENABLE_MODULES = YES;
				CLANG_ENABLE_OBJC_ARC = YES;
				CLANG_WARN_BOOL_CONVERSION = YES;
				CLANG_WARN_CONSTANT_CONVERSION = YES;
				CLANG_WARN_DIRECT_OBJC_ISA_USAGE = YES_ERROR;
				CLANG_WARN_DOCUMENTATION_COMMENTS = YES;
				CLANG_WARN_EMPTY_BODY = YES;
				CLANG_WARN_ENUM_CONVERSION = YES;
				CLANG_WARN_INFINITE_RECURSION = YES;
				CLANG_WARN_INT_CONVERSION = YES;
				CLANG_WARN_OBJC_ROOT_CLASS = YES_ERROR;
				CLANG_WARN_SUSPICIOUS_MOVE = YES;
				CLANG_WARN_UNREACHABLE_CODE = YES;
				CLANG_WARN__DUPLICATE_METHOD_MATCH = YES;
				"CODE_SIGN_IDENTITY[sdk=iphoneos*]" = "iPhone Developer";
				COPY_PHASE_STRIP = NO;
				DEBUG_INFORMATION_FORMAT = "dwarf-with-dsym";
				ENABLE_NS_ASSERTIONS = NO;
				ENABLE_STRICT_OBJC_MSGSEND = YES;
				GCC_C_LANGUAGE_STANDARD = gnu99;
				GCC_NO_COMMON_BLOCKS = YES;
				GCC_WARN_64_TO_32_BIT_CONVERSION = YES;
				GCC_WARN_ABOUT_RETURN_TYPE = YES_ERROR;
				GCC_WARN_UNDECLARED_SELECTOR = YES;
				GCC_WARN_UNINITIALIZED_AUTOS = YES_AGGRESSIVE;
				GCC_WARN_UNUSED_FUNCTION = YES;
				GCC_WARN_UNUSED_VARIABLE = YES;
				IPHONEOS_DEPLOYMENT_TARGET = 10.3;
				MTL_ENABLE_DEBUG_INFO = NO;
				SDKROOT = iphoneos;
				SWIFT_OPTIMIZATION_LEVEL = "-Owholemodule";
				TARGETED_DEVICE_FAMILY = "1,2";
				VALIDATE_PRODUCT = YES;
			};
			name = Release;
		};
		086F564F1EF59C2E0059635C /* Debug */ = {
			isa = XCBuildConfiguration;
			buildSettings = {
				ASSETCATALOG_COMPILER_APPICON_NAME = AppIcon;
				DEVELOPMENT_TEAM = 6FM74WUGD9;
				INFOPLIST_FILE = "Dream Lister/Info.plist";
				LD_RUNPATH_SEARCH_PATHS = "$(inherited) @executable_path/Frameworks";
				PRODUCT_BUNDLE_IDENTIFIER = "com.aadityanarvekar.Dream-Lister";
				PRODUCT_NAME = "$(TARGET_NAME)";
				SWIFT_VERSION = 3.0;
			};
			name = Debug;
		};
		086F56501EF59C2E0059635C /* Release */ = {
			isa = XCBuildConfiguration;
			buildSettings = {
				ASSETCATALOG_COMPILER_APPICON_NAME = AppIcon;
				DEVELOPMENT_TEAM = 6FM74WUGD9;
				INFOPLIST_FILE = "Dream Lister/Info.plist";
				LD_RUNPATH_SEARCH_PATHS = "$(inherited) @executable_path/Frameworks";
				PRODUCT_BUNDLE_IDENTIFIER = "com.aadityanarvekar.Dream-Lister";
				PRODUCT_NAME = "$(TARGET_NAME)";
				SWIFT_VERSION = 3.0;
			};
			name = Release;
		};
/* End XCBuildConfiguration section */

/* Begin XCConfigurationList section */
		086F56341EF59C2E0059635C /* Build configuration list for PBXProject "Dream Lister" */ = {
			isa = XCConfigurationList;
			buildConfigurations = (
				086F564C1EF59C2E0059635C /* Debug */,
				086F564D1EF59C2E0059635C /* Release */,
			);
			defaultConfigurationIsVisible = 0;
			defaultConfigurationName = Release;
		};
		086F564E1EF59C2E0059635C /* Build configuration list for PBXNativeTarget "Dream Lister" */ = {
			isa = XCConfigurationList;
			buildConfigurations = (
				086F564F1EF59C2E0059635C /* Debug */,
				086F56501EF59C2E0059635C /* Release */,
			);
			defaultConfigurationIsVisible = 0;
			defaultConfigurationName = Release;
		};
/* End XCConfigurationList section */

/* Begin XCVersionGroup section */
		086F56431EF59C2E0059635C /* Dream_Lister.xcdatamodeld */ = {
			isa = XCVersionGroup;
			children = (
				086F56651EF5A0960059635C /* 1.xcdatamodel */,
				086F56441EF59C2E0059635C /* Dream_Lister.xcdatamodel */,
			);
			currentVersion = 086F56441EF59C2E0059635C /* Dream_Lister.xcdatamodel */;
			path = Dream_Lister.xcdatamodeld;
			sourceTree = "<group>";
			versionGroupType = wrapper.xcdatamodel;
		};
/* End XCVersionGroup section */
	};
	rootObject = 086F56311EF59C2E0059635C /* Project object */;
}
